
Microsoft Visual Studio Solution File, Format Version 12.00
# Visual Studio Version 16
VisualStudioVersion = 16.0.30907.101
MinimumVisualStudioVersion = 10.0.40219.1
Project("{FAE04EC0-301F-11D3-BF4B-00C04F79EFBC}") = "tickets.cs", "tickets.cs\tickets.cs.csproj", "{12EDE9DB-20CF-4B76-BFEB-2C5DAE79F53F}"
EndProject
Global
	GlobalSection(SolutionConfigurationPlatforms) = preSolution
		Debug|Any CPU = Debug|Any CPU
		Release|Any CPU = Release|Any CPU
	EndGlobalSection
	GlobalSection(ProjectConfigurationPlatforms) = postSolution
		{12EDE9DB-20CF-4B76-BFEB-2C5DAE79F53F}.Debug|Any CPU.ActiveCfg = Debug|Any CPU
		{12EDE9DB-20CF-4B76-BFEB-2C5DAE79F53F}.Debug|Any CPU.Build.0 = Debug|Any CPU
		{12EDE9DB-20CF-4B76-BFEB-2C5DAE79F53F}.Release|Any CPU.ActiveCfg = Release|Any CPU
		{12EDE9DB-20CF-4B76-BFEB-2C5DAE79F53F}.Release|Any CPU.Build.0 = Release|Any CPU
	EndGlobalSection
	GlobalSection(SolutionProperties) = preSolution
		HideSolutionNode = FALSE
	EndGlobalSection
	GlobalSection(ExtensibilityGlobals) = postSolution
		SolutionGuid = {594C4756-18C1-4E92-B641-2DA48F145BA2}
	EndGlobalSection
EndGlobal
